
Microsoft Visual Studio Solution File, Format Version 12.00
# Visual Studio 15
VisualStudioVersion = 15.0.27428.2002
MinimumVisualStudioVersion = 10.0.40219.1
Project("{FAE04EC0-301F-11D3-BF4B-00C04F79EFBC}") = "Wsus Package Publisher", "Wsus Package Publisher\Wsus Package Publisher.csproj", "{297173EA-FEAB-46CF-B29F-280A2C965EFB}"
EndProject
Project("{2150E333-8FDC-42A3-9474-1A3956D46DE8}") = "Code", "Code", "{1AA3A8D6-A40A-492B-9E82-E6EBA044BCC5}"
EndProject
Project("{2150E333-8FDC-42A3-9474-1A3956D46DE8}") = "Unit-Tests", "Unit-Tests", "{B47A8ED3-CEBF-481B-9B53-49553B0AC732}"
EndProject
Project("{FAE04EC0-301F-11D3-BF4B-00C04F79EFBC}") = "CustomActions", "..\CustomAction\CustomActions.csproj", "{EFD6A3B2-8243-4A8A-94AE-7A2ED5DC5901}"
EndProject
Project("{FAE04EC0-301F-11D3-BF4B-00C04F79EFBC}") = "CustomUpdateCreator", "..\CustomUpdateCreator\CustomUpdateCreator.csproj", "{20EBAA12-E553-44EA-B30B-24721280E25A}"
EndProject
Project("{FAE04EC0-301F-11D3-BF4B-00C04F79EFBC}") = "CustomUpdateEngine", "..\CustomUpdateEngine\CustomUpdateEngine.csproj", "{2F43B230-27AB-4588-B0AB-74019F761FAA}"
EndProject
Project("{FAE04EC0-301F-11D3-BF4B-00C04F79EFBC}") = "WPP.ActiveDirectory", "..\WsusAD Comparator\WPP.ActiveDirectory\WPP.ActiveDirectory.csproj", "{BD010A4E-F19F-4BFE-902B-04A8AE0D4E33}"
EndProject
Project("{FAE04EC0-301F-11D3-BF4B-00C04F79EFBC}") = "WPP.Management", "..\WsusAD Comparator\WPP.Management\WPP.Management.csproj", "{489D6F3E-C52D-45A4-90ED-EF0031221377}"
EndProject
Project("{FAE04EC0-301F-11D3-BF4B-00C04F79EFBC}") = "WPP.Security", "..\WsusAD Comparator\WPP.Security\WPP.Security.csproj", "{0ADDF554-28D6-42C3-9886-49813B2D4836}"
EndProject
Project("{FAE04EC0-301F-11D3-BF4B-00C04F79EFBC}") = "WPP.Tools", "..\WsusAD Comparator\WPP.Tools\WPP.Tools.csproj", "{7D7DC170-68EF-4F3B-A845-6F12A8872AA9}"
EndProject
Project("{FAE04EC0-301F-11D3-BF4B-00C04F79EFBC}") = "WPP.Wsus", "..\WsusAD Comparator\WPP.Wsus\WPP.Wsus.csproj", "{32F743EE-4CC9-4EF7-B0BB-44413C106665}"
EndProject
Project("{FAE04EC0-301F-11D3-BF4B-00C04F79EFBC}") = "WsusADComparator", "..\WsusAD Comparator\WsusADComparator.csproj", "{0866C3E7-A61D-4281-8BF8-C464607DFFAF}"
EndProject
Project("{FAE04EC0-301F-11D3-BF4B-00C04F79EFBC}") = "Unit Tests-CustomActions", "..\..\Unit Tests\CustomAction\Unit Tests-CustomActions.csproj", "{2221FBD9-4EAC-4311-93AC-C957CBB7E181}"
EndProject
Project("{FAE04EC0-301F-11D3-BF4B-00C04F79EFBC}") = "Unit Tests-CustomUpdateEngine", "..\..\Unit Tests\CustomeUpdateEngine\Unit Tests-CustomUpdateEngine.csproj", "{D4C2A714-9BF7-40A3-AAE2-A72E1B37BDE9}"
EndProject
Project("{FAE04EC0-301F-11D3-BF4B-00C04F79EFBC}") = "Unit Tests-CustomUpdateCreator", "..\..\Unit Tests\CustomUpdateCreator\Unit Tests-CustomUpdateCreator.csproj", "{196395E7-20F5-44C7-80B8-2A432D56070D}"
EndProject
Project("{FAE04EC0-301F-11D3-BF4B-00C04F79EFBC}") = "Unit Tests-RegsitryHelper", "..\..\Unit Tests\RegsitryHelper\Unit Tests-RegsitryHelper.csproj", "{92694169-6C51-4230-BF48-EFF51A68AD25}"
EndProject
Project("{FAE04EC0-301F-11D3-BF4B-00C04F79EFBC}") = "Unit Tests-Wsus-AD Comparator", "..\..\Unit Tests\Wsus-AD Comparator\Unit Tests-Wsus-AD Comparator.csproj", "{2DC6D3E1-F9D6-445F-9F5C-A9BFF9EAB91A}"
EndProject
Global
	GlobalSection(SolutionConfigurationPlatforms) = preSolution
		Debug|Any CPU = Debug|Any CPU
		Debug|x86 = Debug|x86
		Release|Any CPU = Release|Any CPU
		Release|x86 = Release|x86
	EndGlobalSection
	GlobalSection(ProjectConfigurationPlatforms) = postSolution
		{297173EA-FEAB-46CF-B29F-280A2C965EFB}.Debug|Any CPU.ActiveCfg = Debug|Any CPU
		{297173EA-FEAB-46CF-B29F-280A2C965EFB}.Debug|Any CPU.Build.0 = Debug|Any CPU
		{297173EA-FEAB-46CF-B29F-280A2C965EFB}.Debug|x86.ActiveCfg = Debug|Any CPU
		{297173EA-FEAB-46CF-B29F-280A2C965EFB}.Debug|x86.Build.0 = Debug|Any CPU
		{297173EA-FEAB-46CF-B29F-280A2C965EFB}.Release|Any CPU.ActiveCfg = Release|Any CPU
		{297173EA-FEAB-46CF-B29F-280A2C965EFB}.Release|Any CPU.Build.0 = Release|Any CPU
		{297173EA-FEAB-46CF-B29F-280A2C965EFB}.Release|x86.ActiveCfg = Release|Any CPU
		{297173EA-FEAB-46CF-B29F-280A2C965EFB}.Release|x86.Build.0 = Release|Any CPU
		{EFD6A3B2-8243-4A8A-94AE-7A2ED5DC5901}.Debug|Any CPU.ActiveCfg = Debug|Any CPU
		{EFD6A3B2-8243-4A8A-94AE-7A2ED5DC5901}.Debug|Any CPU.Build.0 = Debug|Any CPU
		{EFD6A3B2-8243-4A8A-94AE-7A2ED5DC5901}.Debug|x86.ActiveCfg = Debug|x86
		{EFD6A3B2-8243-4A8A-94AE-7A2ED5DC5901}.Debug|x86.Build.0 = Debug|x86
		{EFD6A3B2-8243-4A8A-94AE-7A2ED5DC5901}.Release|Any CPU.ActiveCfg = Release|Any CPU
		{EFD6A3B2-8243-4A8A-94AE-7A2ED5DC5901}.Release|Any CPU.Build.0 = Release|Any CPU
		{EFD6A3B2-8243-4A8A-94AE-7A2ED5DC5901}.Release|x86.ActiveCfg = Release|x86
		{EFD6A3B2-8243-4A8A-94AE-7A2ED5DC5901}.Release|x86.Build.0 = Release|x86
		{20EBAA12-E553-44EA-B30B-24721280E25A}.Debug|Any CPU.ActiveCfg = Debug|Any CPU
		{20EBAA12-E553-44EA-B30B-24721280E25A}.Debug|Any CPU.Build.0 = Debug|Any CPU
		{20EBAA12-E553-44EA-B30B-24721280E25A}.Debug|x86.ActiveCfg = Debug|x86
		{20EBAA12-E553-44EA-B30B-24721280E25A}.Debug|x86.Build.0 = Debug|x86
		{20EBAA12-E553-44EA-B30B-24721280E25A}.Release|Any CPU.ActiveCfg = Release|Any CPU
		{20EBAA12-E553-44EA-B30B-24721280E25A}.Release|Any CPU.Build.0 = Release|Any CPU
		{20EBAA12-E553-44EA-B30B-24721280E25A}.Release|x86.ActiveCfg = Release|x86
		{20EBAA12-E553-44EA-B30B-24721280E25A}.Release|x86.Build.0 = Release|x86
		{2F43B230-27AB-4588-B0AB-74019F761FAA}.Debug|Any CPU.ActiveCfg = Debug|Any CPU
		{2F43B230-27AB-4588-B0AB-74019F761FAA}.Debug|Any CPU.Build.0 = Debug|Any CPU
		{2F43B230-27AB-4588-B0AB-74019F761FAA}.Debug|x86.ActiveCfg = Debug|Any CPU
		{2F43B230-27AB-4588-B0AB-74019F761FAA}.Debug|x86.Build.0 = Debug|Any CPU
		{2F43B230-27AB-4588-B0AB-74019F761FAA}.Release|Any CPU.ActiveCfg = Release|Any CPU
		{2F43B230-27AB-4588-B0AB-74019F761FAA}.Release|Any CPU.Build.0 = Release|Any CPU
		{2F43B230-27AB-4588-B0AB-74019F761FAA}.Release|x86.ActiveCfg = Release|Any CPU
		{2F43B230-27AB-4588-B0AB-74019F761FAA}.Release|x86.Build.0 = Release|Any CPU
		{BD010A4E-F19F-4BFE-902B-04A8AE0D4E33}.Debug|Any CPU.ActiveCfg = Debug|Any CPU
		{BD010A4E-F19F-4BFE-902B-04A8AE0D4E33}.Debug|Any CPU.Build.0 = Debug|Any CPU
		{BD010A4E-F19F-4BFE-902B-04A8AE0D4E33}.Debug|x86.ActiveCfg = Debug|Any CPU
		{BD010A4E-F19F-4BFE-902B-04A8AE0D4E33}.Debug|x86.Build.0 = Debug|Any CPU
		{BD010A4E-F19F-4BFE-902B-04A8AE0D4E33}.Release|Any CPU.ActiveCfg = Release|Any CPU
		{BD010A4E-F19F-4BFE-902B-04A8AE0D4E33}.Release|Any CPU.Build.0 = Release|Any CPU
		{BD010A4E-F19F-4BFE-902B-04A8AE0D4E33}.Release|x86.ActiveCfg = Release|Any CPU
		{BD010A4E-F19F-4BFE-902B-04A8AE0D4E33}.Release|x86.Build.0 = Release|Any CPU
		{489D6F3E-C52D-45A4-90ED-EF0031221377}.Debug|Any CPU.ActiveCfg = Debug|Any CPU
		{489D6F3E-C52D-45A4-90ED-EF0031221377}.Debug|Any CPU.Build.0 = Debug|Any CPU
		{489D6F3E-C52D-45A4-90ED-EF0031221377}.Debug|x86.ActiveCfg = Debug|Any CPU
		{489D6F3E-C52D-45A4-90ED-EF0031221377}.Debug|x86.Build.0 = Debug|Any CPU
		{489D6F3E-C52D-45A4-90ED-EF0031221377}.Release|Any CPU.ActiveCfg = Release|Any CPU
		{489D6F3E-C52D-45A4-90ED-EF0031221377}.Release|Any CPU.Build.0 = Release|Any CPU
		{489D6F3E-C52D-45A4-90ED-EF0031221377}.Release|x86.ActiveCfg = Release|Any CPU
		{489D6F3E-C52D-45A4-90ED-EF0031221377}.Release|x86.Build.0 = Release|Any CPU
		{0ADDF554-28D6-42C3-9886-49813B2D4836}.Debug|Any CPU.ActiveCfg = Debug|Any CPU
		{0ADDF554-28D6-42C3-9886-49813B2D4836}.Debug|Any CPU.Build.0 = Debug|Any CPU
		{0ADDF554-28D6-42C3-9886-49813B2D4836}.Debug|x86.ActiveCfg = Debug|Any CPU
		{0ADDF554-28D6-42C3-9886-49813B2D4836}.Debug|x86.Build.0 = Debug|Any CPU
		{0ADDF554-28D6-42C3-9886-49813B2D4836}.Release|Any CPU.ActiveCfg = Release|Any CPU
		{0ADDF554-28D6-42C3-9886-49813B2D4836}.Release|Any CPU.Build.0 = Release|Any CPU
		{0ADDF554-28D6-42C3-9886-49813B2D4836}.Release|x86.ActiveCfg = Release|Any CPU
		{0ADDF554-28D6-42C3-9886-49813B2D4836}.Release|x86.Build.0 = Release|Any CPU
		{7D7DC170-68EF-4F3B-A845-6F12A8872AA9}.Debug|Any CPU.ActiveCfg = Debug|Any CPU
		{7D7DC170-68EF-4F3B-A845-6F12A8872AA9}.Debug|Any CPU.Build.0 = Debug|Any CPU
		{7D7DC170-68EF-4F3B-A845-6F12A8872AA9}.Debug|x86.ActiveCfg = Debug|Any CPU
		{7D7DC170-68EF-4F3B-A845-6F12A8872AA9}.Debug|x86.Build.0 = Debug|Any CPU
		{7D7DC170-68EF-4F3B-A845-6F12A8872AA9}.Release|Any CPU.ActiveCfg = Release|Any CPU
		{7D7DC170-68EF-4F3B-A845-6F12A8872AA9}.Release|Any CPU.Build.0 = Release|Any CPU
		{7D7DC170-68EF-4F3B-A845-6F12A8872AA9}.Release|x86.ActiveCfg = Release|Any CPU
		{7D7DC170-68EF-4F3B-A845-6F12A8872AA9}.Release|x86.Build.0 = Release|Any CPU
		{32F743EE-4CC9-4EF7-B0BB-44413C106665}.Debug|Any CPU.ActiveCfg = Debug|Any CPU
		{32F743EE-4CC9-4EF7-B0BB-44413C106665}.Debug|Any CPU.Build.0 = Debug|Any CPU
		{32F743EE-4CC9-4EF7-B0BB-44413C106665}.Debug|x86.ActiveCfg = Debug|Any CPU
		{32F743EE-4CC9-4EF7-B0BB-44413C106665}.Debug|x86.Build.0 = Debug|Any CPU
		{32F743EE-4CC9-4EF7-B0BB-44413C106665}.Release|Any CPU.ActiveCfg = Release|Any CPU
		{32F743EE-4CC9-4EF7-B0BB-44413C106665}.Release|Any CPU.Build.0 = Release|Any CPU
		{32F743EE-4CC9-4EF7-B0BB-44413C106665}.Release|x86.ActiveCfg = Release|Any CPU
		{32F743EE-4CC9-4EF7-B0BB-44413C106665}.Release|x86.Build.0 = Release|Any CPU
		{0866C3E7-A61D-4281-8BF8-C464607DFFAF}.Debug|Any CPU.ActiveCfg = Debug|Any CPU
		{0866C3E7-A61D-4281-8BF8-C464607DFFAF}.Debug|Any CPU.Build.0 = Debug|Any CPU
		{0866C3E7-A61D-4281-8BF8-C464607DFFAF}.Debug|x86.ActiveCfg = Debug|Any CPU
		{0866C3E7-A61D-4281-8BF8-C464607DFFAF}.Debug|x86.Build.0 = Debug|Any CPU
		{0866C3E7-A61D-4281-8BF8-C464607DFFAF}.Release|Any CPU.ActiveCfg = Release|Any CPU
		{0866C3E7-A61D-4281-8BF8-C464607DFFAF}.Release|Any CPU.Build.0 = Release|Any CPU
		{0866C3E7-A61D-4281-8BF8-C464607DFFAF}.Release|x86.ActiveCfg = Release|Any CPU
		{0866C3E7-A61D-4281-8BF8-C464607DFFAF}.Release|x86.Build.0 = Release|Any CPU
		{2221FBD9-4EAC-4311-93AC-C957CBB7E181}.Debug|Any CPU.ActiveCfg = Debug|Any CPU
		{2221FBD9-4EAC-4311-93AC-C957CBB7E181}.Debug|Any CPU.Build.0 = Debug|Any CPU
		{2221FBD9-4EAC-4311-93AC-C957CBB7E181}.Debug|x86.ActiveCfg = Debug|Any CPU
		{2221FBD9-4EAC-4311-93AC-C957CBB7E181}.Debug|x86.Build.0 = Debug|Any CPU
		{2221FBD9-4EAC-4311-93AC-C957CBB7E181}.Release|Any CPU.ActiveCfg = Release|Any CPU
		{2221FBD9-4EAC-4311-93AC-C957CBB7E181}.Release|Any CPU.Build.0 = Release|Any CPU
		{2221FBD9-4EAC-4311-93AC-C957CBB7E181}.Release|x86.ActiveCfg = Release|Any CPU
		{2221FBD9-4EAC-4311-93AC-C957CBB7E181}.Release|x86.Build.0 = Release|Any CPU
		{D4C2A714-9BF7-40A3-AAE2-A72E1B37BDE9}.Debug|Any CPU.ActiveCfg = Debug|Any CPU
		{D4C2A714-9BF7-40A3-AAE2-A72E1B37BDE9}.Debug|Any CPU.Build.0 = Debug|Any CPU
		{D4C2A714-9BF7-40A3-AAE2-A72E1B37BDE9}.Debug|x86.ActiveCfg = Debug|Any CPU
		{D4C2A714-9BF7-40A3-AAE2-A72E1B37BDE9}.Debug|x86.Build.0 = Debug|Any CPU
		{D4C2A714-9BF7-40A3-AAE2-A72E1B37BDE9}.Release|Any CPU.ActiveCfg = Release|Any CPU
		{D4C2A714-9BF7-40A3-AAE2-A72E1B37BDE9}.Release|Any CPU.Build.0 = Release|Any CPU
		{D4C2A714-9BF7-40A3-AAE2-A72E1B37BDE9}.Release|x86.ActiveCfg = Release|Any CPU
		{D4C2A714-9BF7-40A3-AAE2-A72E1B37BDE9}.Release|x86.Build.0 = Release|Any CPU
		{196395E7-20F5-44C7-80B8-2A432D56070D}.Debug|Any CPU.ActiveCfg = Debug|Any CPU
		{196395E7-20F5-44C7-80B8-2A432D56070D}.Debug|Any CPU.Build.0 = Debug|Any CPU
		{196395E7-20F5-44C7-80B8-2A432D56070D}.Debug|x86.ActiveCfg = Debug|Any CPU
		{196395E7-20F5-44C7-80B8-2A432D56070D}.Debug|x86.Build.0 = Debug|Any CPU
		{196395E7-20F5-44C7-80B8-2A432D56070D}.Release|Any CPU.ActiveCfg = Release|Any CPU
		{196395E7-20F5-44C7-80B8-2A432D56070D}.Release|Any CPU.Build.0 = Release|Any CPU
		{196395E7-20F5-44C7-80B8-2A432D56070D}.Release|x86.ActiveCfg = Release|Any CPU
		{196395E7-20F5-44C7-80B8-2A432D56070D}.Release|x86.Build.0 = Release|Any CPU
		{92694169-6C51-4230-BF48-EFF51A68AD25}.Debug|Any CPU.ActiveCfg = Debug|Any CPU
		{92694169-6C51-4230-BF48-EFF51A68AD25}.Debug|Any CPU.Build.0 = Debug|Any CPU
		{92694169-6C51-4230-BF48-EFF51A68AD25}.Debug|x86.ActiveCfg = Debug|Any CPU
		{92694169-6C51-4230-BF48-EFF51A68AD25}.Debug|x86.Build.0 = Debug|Any CPU
		{92694169-6C51-4230-BF48-EFF51A68AD25}.Release|Any CPU.ActiveCfg = Release|Any CPU
		{92694169-6C51-4230-BF48-EFF51A68AD25}.Release|Any CPU.Build.0 = Release|Any CPU
		{92694169-6C51-4230-BF48-EFF51A68AD25}.Release|x86.ActiveCfg = Release|Any CPU
		{92694169-6C51-4230-BF48-EFF51A68AD25}.Release|x86.Build.0 = Release|Any CPU
		{2DC6D3E1-F9D6-445F-9F5C-A9BFF9EAB91A}.Debug|Any CPU.ActiveCfg = Debug|Any CPU
		{2DC6D3E1-F9D6-445F-9F5C-A9BFF9EAB91A}.Debug|Any CPU.Build.0 = Debug|Any CPU
		{2DC6D3E1-F9D6-445F-9F5C-A9BFF9EAB91A}.Debug|x86.ActiveCfg = Debug|Any CPU
		{2DC6D3E1-F9D6-445F-9F5C-A9BFF9EAB91A}.Debug|x86.Build.0 = Debug|Any CPU
		{2DC6D3E1-F9D6-445F-9F5C-A9BFF9EAB91A}.Release|Any CPU.ActiveCfg = Release|Any CPU
		{2DC6D3E1-F9D6-445F-9F5C-A9BFF9EAB91A}.Release|Any CPU.Build.0 = Release|Any CPU
		{2DC6D3E1-F9D6-445F-9F5C-A9BFF9EAB91A}.Release|x86.ActiveCfg = Release|Any CPU
		{2DC6D3E1-F9D6-445F-9F5C-A9BFF9EAB91A}.Release|x86.Build.0 = Release|Any CPU
	EndGlobalSection
	GlobalSection(SolutionProperties) = preSolution
		HideSolutionNode = FALSE
	EndGlobalSection
	GlobalSection(NestedProjects) = preSolution
		{297173EA-FEAB-46CF-B29F-280A2C965EFB} = {1AA3A8D6-A40A-492B-9E82-E6EBA044BCC5}
		{EFD6A3B2-8243-4A8A-94AE-7A2ED5DC5901} = {1AA3A8D6-A40A-492B-9E82-E6EBA044BCC5}
		{20EBAA12-E553-44EA-B30B-24721280E25A} = {1AA3A8D6-A40A-492B-9E82-E6EBA044BCC5}
		{2F43B230-27AB-4588-B0AB-74019F761FAA} = {1AA3A8D6-A40A-492B-9E82-E6EBA044BCC5}
		{BD010A4E-F19F-4BFE-902B-04A8AE0D4E33} = {1AA3A8D6-A40A-492B-9E82-E6EBA044BCC5}
		{489D6F3E-C52D-45A4-90ED-EF0031221377} = {1AA3A8D6-A40A-492B-9E82-E6EBA044BCC5}
		{0ADDF554-28D6-42C3-9886-49813B2D4836} = {1AA3A8D6-A40A-492B-9E82-E6EBA044BCC5}
		{7D7DC170-68EF-4F3B-A845-6F12A8872AA9} = {1AA3A8D6-A40A-492B-9E82-E6EBA044BCC5}
		{32F743EE-4CC9-4EF7-B0BB-44413C106665} = {1AA3A8D6-A40A-492B-9E82-E6EBA044BCC5}
		{0866C3E7-A61D-4281-8BF8-C464607DFFAF} = {1AA3A8D6-A40A-492B-9E82-E6EBA044BCC5}
		{2221FBD9-4EAC-4311-93AC-C957CBB7E181} = {B47A8ED3-CEBF-481B-9B53-49553B0AC732}
		{D4C2A714-9BF7-40A3-AAE2-A72E1B37BDE9} = {B47A8ED3-CEBF-481B-9B53-49553B0AC732}
		{196395E7-20F5-44C7-80B8-2A432D56070D} = {B47A8ED3-CEBF-481B-9B53-49553B0AC732}
		{92694169-6C51-4230-BF48-EFF51A68AD25} = {B47A8ED3-CEBF-481B-9B53-49553B0AC732}
		{2DC6D3E1-F9D6-445F-9F5C-A9BFF9EAB91A} = {B47A8ED3-CEBF-481B-9B53-49553B0AC732}
	EndGlobalSection
	GlobalSection(ExtensibilityGlobals) = postSolution
		SolutionGuid = {E6E13AD0-6686-4DEC-A219-749353AB1C60}
	EndGlobalSection
EndGlobal
